# THIS IS AN AUTOGENERATED FILE. DO NOT EDIT THIS FILE DIRECTLY.
# yarn lockfile v1


brew@^0.0.8:
  version "0.0.8"
  resolved "https://registry.yarnpkg.com/brew/-/brew-0.0.8.tgz#0418840ef1526f0eb5301ed31f22848d71624c6f"

watchman@^1.0.0:
  version "1.0.0"
  resolved "https://registry.yarnpkg.com/watchman/-/watchman-1.0.0.tgz#a800f815957952ed9229c54610fb4a26897d2c21"
